
Microsoft Visual Studio Solution File, Format Version 12.00
# Visual Studio Version 17
VisualStudioVersion = 17.0.31903.59
MinimumVisualStudioVersion = 10.0.40219.1
Project("{8BC9CEB8-8B4A-11D0-8D11-00A0C91BC942}") = "CS202_PJ_VS", "CS202_PJ_VS.vcxproj", "{3CB595B8-A3E3-4AD7-AB2F-A5F84EA13F30}"
EndProject
Global
	GlobalSection(SolutionConfigurationPlatforms) = preSolution
		Debug|x64 = Debug|x64
		Debug|x86 = Debug|x86
		Release|x64 = Release|x64
		Release|x86 = Release|x86
	EndGlobalSection
	GlobalSection(ProjectConfigurationPlatforms) = postSolution
		{3CB595B8-A3E3-4AD7-AB2F-A5F84EA13F30}.Debug|x64.ActiveCfg = Debug|x64
		{3CB595B8-A3E3-4AD7-AB2F-A5F84EA13F30}.Debug|x64.Build.0 = Debug|x64
		{3CB595B8-A3E3-4AD7-AB2F-A5F84EA13F30}.Debug|x86.ActiveCfg = Debug|Win32
		{3CB595B8-A3E3-4AD7-AB2F-A5F84EA13F30}.Debug|x86.Build.0 = Debug|Win32
		{3CB595B8-A3E3-4AD7-AB2F-A5F84EA13F30}.Release|x64.ActiveCfg = Release|x64
		{3CB595B8-A3E3-4AD7-AB2F-A5F84EA13F30}.Release|x64.Build.0 = Release|x64
		{3CB595B8-A3E3-4AD7-AB2F-A5F84EA13F30}.Release|x86.ActiveCfg = Release|Win32
		{3CB595B8-A3E3-4AD7-AB2F-A5F84EA13F30}.Release|x86.Build.0 = Release|Win32
	EndGlobalSection
	GlobalSection(SolutionProperties) = preSolution
		HideSolutionNode = FALSE
	EndGlobalSection
	GlobalSection(ExtensibilityGlobals) = postSolution
		SolutionGuid = {8B2C6E34-63C1-4BDB-B03D-C5F699005587}
	EndGlobalSection
EndGlobal
